name: Generate npm lockfile

on:
  pull_request:
    branches: [main]
  workflow_dispatch:

jobs:
  lockfile:
    runs-on: ubuntu-latest
    timeout-minutes: 10
    steps:
      - uses: actions/checkout@v4
      - uses: actions/setup-node@v4
        with:
          node-version: '22.23.2'
      - name: Generate lockfile
        run: npm install --package-lock-only
      - name: Upload package lock
        uses: actions/upload-artifact@v4
        with:
          name: chart-view-toss-package-lock
          path: package-lock.json
          if-no-files-found: error
          retention-days: 2
